PODS:
  - DBFileSynchronizer (3.3.0):
    - ObjectiveDropboxOfficial (~> 6)
  - ObjectiveDropboxOfficial (6.3.2)

DEPENDENCIES:
  - DBFileSynchronizer (from `../`)

SPEC REPOS:
  trunk:
    - ObjectiveDropboxOfficial

EXTERNAL SOURCES:
  DBFileSynchronizer:
    :path: "../"

SPEC CHECKSUMS:
  DBFileSynchronizer: c3e2c04ab2ed001eb693bf91da3030eb499f4ad2
  ObjectiveDropboxOfficial: 1b9ca679750487f770fda3f38c106d6e17fe2d73

PODFILE CHECKSUM: 575097484e1fb975b4d02657afbfe336d95e0ac0

COCOAPODS: 1.14.3
