PODS:
  - DBFileSynchronizer (3.3.2):
    - ObjectiveDropboxOfficial (~> 7)
  - ObjectiveDropboxOfficial (7.3.1)

DEPENDENCIES:
  - DBFileSynchronizer (from `../`)

SPEC REPOS:
  trunk:
    - ObjectiveDropboxOfficial

EXTERNAL SOURCES:
  DBFileSynchronizer:
    :path: "../"

SPEC CHECKSUMS:
  DBFileSynchronizer: 5eb93cb0810a1079edc143c7bb6dde767f470ff4
  ObjectiveDropboxOfficial: 12fa0e80221f1cbc3a3bfd0be5c4451882d08d9f

PODFILE CHECKSUM: 575097484e1fb975b4d02657afbfe336d95e0ac0

COCOAPODS: 1.15.2
