PODS:
  - DBFileSynchronizer (2.0.0):
    - ObjectiveDropboxOfficial (~> 6.0)
  - ObjectiveDropboxOfficial (6.2.3)

DEPENDENCIES:
  - DBFileSynchronizer (from `../`)

SPEC REPOS:
  trunk:
    - ObjectiveDropboxOfficial

EXTERNAL SOURCES:
  DBFileSynchronizer:
    :path: "../"

SPEC CHECKSUMS:
  DBFileSynchronizer: 1b26563f84e160c9eb31d93d5a3a5048e05ff09f
  ObjectiveDropboxOfficial: fe206ce8c0bc49976c249d472db7fdbc53ebbd53

PODFILE CHECKSUM: ff62731bfac08eb9a2f927a685e51281dab0a84b

COCOAPODS: 1.10.1
